
Microsoft Visual Studio Solution File, Format Version 12.00
# Visual Studio Version 17
VisualStudioVersion = 17.8.34511.84
MinimumVisualStudioVersion = 10.0.40219.1
Project("{FAE04EC0-301F-11D3-BF4B-00C04F79EFBC}") = "WebApiBackgroundServices", "WebApiBackgroundServices\WebApiBackgroundServices.csproj", "{A3D60D89-8B7B-4C3A-A8B9-205A822573AA}"
EndProject
Project("{9A19103F-16F7-4668-BE54-9A1E7A4F7556}") = "WebApiBackgroundServices.Domain", "WebApiBackgroundServices.Domain\WebApiBackgroundServices.Domain.csproj", "{886B047E-8C54-42D7-87AE-BCBAC8EE8DEB}"
EndProject
Project("{9A19103F-16F7-4668-BE54-9A1E7A4F7556}") = "WebApiBackgroundServices.Repository", "WebApiBackgroundServices.Repository\WebApiBackgroundServices.Repository.csproj", "{6BE93B59-A5BD-4FB5-9D45-663EE84A213F}"
EndProject
Project("{9A19103F-16F7-4668-BE54-9A1E7A4F7556}") = "WebApiBackgroundServices.Services", "WebApiBackgroundServices.Services\WebApiBackgroundServices.Services.csproj", "{45E758B5-6322-4CA3-84F0-3E7799CFAA55}"
EndProject
Global
	GlobalSection(SolutionConfigurationPlatforms) = preSolution
		Debug|Any CPU = Debug|Any CPU
		Release|Any CPU = Release|Any CPU
	EndGlobalSection
	GlobalSection(ProjectConfigurationPlatforms) = postSolution
		{A3D60D89-8B7B-4C3A-A8B9-205A822573AA}.Debug|Any CPU.ActiveCfg = Debug|Any CPU
		{A3D60D89-8B7B-4C3A-A8B9-205A822573AA}.Debug|Any CPU.Build.0 = Debug|Any CPU
		{A3D60D89-8B7B-4C3A-A8B9-205A822573AA}.Release|Any CPU.ActiveCfg = Release|Any CPU
		{A3D60D89-8B7B-4C3A-A8B9-205A822573AA}.Release|Any CPU.Build.0 = Release|Any CPU
		{886B047E-8C54-42D7-87AE-BCBAC8EE8DEB}.Debug|Any CPU.ActiveCfg = Debug|Any CPU
		{886B047E-8C54-42D7-87AE-BCBAC8EE8DEB}.Debug|Any CPU.Build.0 = Debug|Any CPU
		{886B047E-8C54-42D7-87AE-BCBAC8EE8DEB}.Release|Any CPU.ActiveCfg = Release|Any CPU
		{886B047E-8C54-42D7-87AE-BCBAC8EE8DEB}.Release|Any CPU.Build.0 = Release|Any CPU
		{6BE93B59-A5BD-4FB5-9D45-663EE84A213F}.Debug|Any CPU.ActiveCfg = Debug|Any CPU
		{6BE93B59-A5BD-4FB5-9D45-663EE84A213F}.Debug|Any CPU.Build.0 = Debug|Any CPU
		{6BE93B59-A5BD-4FB5-9D45-663EE84A213F}.Release|Any CPU.ActiveCfg = Release|Any CPU
		{6BE93B59-A5BD-4FB5-9D45-663EE84A213F}.Release|Any CPU.Build.0 = Release|Any CPU
		{45E758B5-6322-4CA3-84F0-3E7799CFAA55}.Debug|Any CPU.ActiveCfg = Debug|Any CPU
		{45E758B5-6322-4CA3-84F0-3E7799CFAA55}.Debug|Any CPU.Build.0 = Debug|Any CPU
		{45E758B5-6322-4CA3-84F0-3E7799CFAA55}.Release|Any CPU.ActiveCfg = Release|Any CPU
		{45E758B5-6322-4CA3-84F0-3E7799CFAA55}.Release|Any CPU.Build.0 = Release|Any CPU
	EndGlobalSection
	GlobalSection(SolutionProperties) = preSolution
		HideSolutionNode = FALSE
	EndGlobalSection
	GlobalSection(ExtensibilityGlobals) = postSolution
		SolutionGuid = {05CFF7D4-EB37-4184-A234-045114C8968F}
	EndGlobalSection
EndGlobal
